
Microsoft Visual Studio Solution File, Format Version 12.00
# Visual Studio Version 17
VisualStudioVersion = 17.13.35825.156 d17.13
MinimumVisualStudioVersion = 10.0.40219.1
Project("{D2ABAB84-BF74-430A-B69E-9DC6D40DDA17}") = "New_Cube", "New_Cube.dwproj", "{2D39F780-515E-12BC-E0A0-BF15D694368A}"
EndProject
Global
	GlobalSection(SolutionConfigurationPlatforms) = preSolution
		Development|Default = Development|Default
	EndGlobalSection
	GlobalSection(ProjectConfigurationPlatforms) = postSolution
		{2D39F780-515E-12BC-E0A0-BF15D694368A}.Development|Default.ActiveCfg = Development
		{2D39F780-515E-12BC-E0A0-BF15D694368A}.Development|Default.Build.0 = Development
		{2D39F780-515E-12BC-E0A0-BF15D694368A}.Development|Default.Deploy.0 = Development
	EndGlobalSection
	GlobalSection(SolutionProperties) = preSolution
		HideSolutionNode = FALSE
	EndGlobalSection
	GlobalSection(ExtensibilityGlobals) = postSolution
		SolutionGuid = {6D01CCF7-03AE-44D6-A4D4-B5E63C80A116}
	EndGlobalSection
EndGlobal
